{
  "object": {
    "pins": [
      {
        "package": "BaseSwift",
        "repositoryURL": "https://github.com/nallick/BaseSwift.git",
        "state": {
          "branch": null,
          "revision": "c09dd58b8d4b25c3558bc3b4437f4c8effd4ecdf",
          "version": "1.2.0"
        }
      }
    ]
  },
  "version": 1
}
