{
  "object": {
    "pins": [
      {
        "package": "BaseSwift",
        "repositoryURL": "https://github.com/nallick/BaseSwift.git",
        "state": {
          "branch": null,
          "revision": "aa107f5edcde046b043c7adb1fda54e05fb43a29",
          "version": "1.4.0"
        }
      }
    ]
  },
  "version": 1
}
